// !$*UTF8*$!
{
	archiveVersion = 1;
	classes = {
	};
	objectVersion = 46;
	objects = {

/* Begin PBXBuildFile section */
		7B6543DB1CCD684C00CC112B /* welcomeView_style_1.xib in Resources */ = {isa = PBXBuildFile; fileRef = 7B6543DA1CCD684C00CC112B /* welcomeView_style_1.xib */; };
		7B7A044C1CD19412002DCEAC /* WelcomeViewController.m in Sources */ = {isa = PBXBuildFile; fileRef = 7B7A044B1CD19412002DCEAC /* WelcomeViewController.m */; };
		7B82998B1CE75ADC00CAAC55 /* MenuViewController.m in Sources */ = {isa = PBXBuildFile; fileRef = 7B82998A1CE75ADC00CAAC55 /* MenuViewController.m */; };
		7B82998E1CE75D0700CAAC55 /* menu_style_1.xib in Resources */ = {isa = PBXBuildFile; fileRef = 7B82998D1CE75D0700CAAC55 /* menu_style_1.xib */; };
		7B8299901CE7826400CAAC55 /* about_style_1.xib in Resources */ = {isa = PBXBuildFile; fileRef = 7B82998F1CE7826400CAAC55 /* about_style_1.xib */; };
		7B8299931CE7841200CAAC55 /* AboutViewController.m in Sources */ = {isa = PBXBuildFile; fileRef = 7B8299921CE7841200CAAC55 /* AboutViewController.m */; };
		7B8299981CE78E6F00CAAC55 /* privacy_style_1.xib in Resources */ = {isa = PBXBuildFile; fileRef = 7B8299971CE78E6F00CAAC55 /* privacy_style_1.xib */; };
		7B82999B1CE78EF000CAAC55 /* PrivacyViewController.m in Sources */ = {isa = PBXBuildFile; fileRef = 7B82999A1CE78EF000CAAC55 /* PrivacyViewController.m */; };
		7B82999D1CE7906F00CAAC55 /* faq_style_1.xib in Resources */ = {isa = PBXBuildFile; fileRef = 7B82999C1CE7906F00CAAC55 /* faq_style_1.xib */; };
		7B8299A01CE790AF00CAAC55 /* FAQTableViewController.m in Sources */ = {isa = PBXBuildFile; fileRef = 7B82999F1CE790AF00CAAC55 /* FAQTableViewController.m */; };
		7B8E44961CC858ED003B6022 /* ModalSpinnerViewController.m in Sources */ = {isa = PBXBuildFile; fileRef = 7B8E44901CC858ED003B6022 /* ModalSpinnerViewController.m */; };
		7B8E44971CC858ED003B6022 /* BlockerPopupView_Normal_P_Style1.xib in Resources */ = {isa = PBXBuildFile; fileRef = 7B8E44921CC858ED003B6022 /* BlockerPopupView_Normal_P_Style1.xib */; };
		7B8E44981CC858ED003B6022 /* BlockerPopupView_Normal_P_Style1.strings in Resources */ = {isa = PBXBuildFile; fileRef = 7B8E44941CC858ED003B6022 /* BlockerPopupView_Normal_P_Style1.strings */; };
		7BA7286C1CDC103200C2DA48 /* SettingsTableViewController.m in Sources */ = {isa = PBXBuildFile; fileRef = 7BA7286B1CDC103200C2DA48 /* SettingsTableViewController.m */; };
		7BA7286E1CDC104900C2DA48 /* settings_style_1.xib in Resources */ = {isa = PBXBuildFile; fileRef = 7BA7286D1CDC104900C2DA48 /* settings_style_1.xib */; };
		7BBAB2F21CD6CB11006FC1A5 /* CoreGraphics.framework in Frameworks */ = {isa = PBXBuildFile; fileRef = 7BBAB2F11CD6CB11006FC1A5 /* CoreGraphics.framework */; };
		7BBAB2F41CD6CB1F006FC1A5 /* UIKit.framework in Frameworks */ = {isa = PBXBuildFile; fileRef = 7BBAB2F31CD6CB1F006FC1A5 /* UIKit.framework */; };
		7BBAB2F61CD6CB2D006FC1A5 /* Foundation.framework in Frameworks */ = {isa = PBXBuildFile; fileRef = 7BBAB2F51CD6CB2D006FC1A5 /* Foundation.framework */; };
		A4468E6B1CBB159F00E768CF /* newScanView_style_1.xib in Resources */ = {isa = PBXBuildFile; fileRef = A4468E6A1CBB159F00E768CF /* newScanView_style_1.xib */; };
		A4468E6E1CBB16BD00E768CF /* NewScanViewController.m in Sources */ = {isa = PBXBuildFile; fileRef = A4468E6D1CBB16BD00E768CF /* NewScanViewController.m */; };
		A4468E701CBB174C00E768CF /* scannerView_style_1.xib in Resources */ = {isa = PBXBuildFile; fileRef = A4468E6F1CBB174C00E768CF /* scannerView_style_1.xib */; };
		A4468E761CBB199A00E768CF /* ScanController.m in Sources */ = {isa = PBXBuildFile; fileRef = A4468E751CBB199A00E768CF /* ScanController.m */; };
		A473DCBC1CB0295D00F28B92 /* AppDelegate.m in Sources */ = {isa = PBXBuildFile; fileRef = A473DCBB1CB0295D00F28B92 /* AppDelegate.m */; };
		A473DCC41CB0295D00F28B92 /* Assets.xcassets in Resources */ = {isa = PBXBuildFile; fileRef = A473DCC31CB0295D00F28B92 /* Assets.xcassets */; };
		A473DCD21CB0295D00F28B92 /* asapGFTests.m in Sources */ = {isa = PBXBuildFile; fileRef = A473DCD11CB0295D00F28B92 /* asapGFTests.m */; };
		A473DCDD1CB0295D00F28B92 /* asapGFUITests.m in Sources */ = {isa = PBXBuildFile; fileRef = A473DCDC1CB0295D00F28B92 /* asapGFUITests.m */; };
		A473DCF01CB05F7800F28B92 /* LoginViewController.m in Sources */ = {isa = PBXBuildFile; fileRef = A473DCEF1CB05F7800F28B92 /* LoginViewController.m */; };
		A4D1FEBA1CB148E500BC15FF /* main.m in Sources */ = {isa = PBXBuildFile; fileRef = A4D1FEB91CB148E500BC15FF /* main.m */; };
		A4D1FEBC1CB1493200BC15FF /* loginView_style_1.xib in Resources */ = {isa = PBXBuildFile; fileRef = A473DCEC1CB02C2E00F28B92 /* loginView_style_1.xib */; };
		A4D1FEBF1CB1584300BC15FF /* AppUser.m in Sources */ = {isa = PBXBuildFile; fileRef = A4D1FEBE1CB1584300BC15FF /* AppUser.m */; };
		A4D1FEC31CB160F400BC15FF /* dashboard_style_1.xib in Resources */ = {isa = PBXBuildFile; fileRef = A4D1FEC21CB160F400BC15FF /* dashboard_style_1.xib */; };
		A4D1FEC61CB1637200BC15FF /* HomeViewController.m in Sources */ = {isa = PBXBuildFile; fileRef = A4D1FEC51CB1637200BC15FF /* HomeViewController.m */; };
		A4D1FEC81CB17D5000BC15FF /* signInView_style_1.xib in Resources */ = {isa = PBXBuildFile; fileRef = A4D1FEC71CB17D5000BC15FF /* signInView_style_1.xib */; };
		A4D1FECB1CB182C000BC15FF /* SignInViewController.m in Sources */ = {isa = PBXBuildFile; fileRef = A4D1FECA1CB182C000BC15FF /* SignInViewController.m */; };
/* End PBXBuildFile section */

/* Begin PBXContainerItemProxy section */
		A473DCCE1CB0295D00F28B92 /* PBXContainerItemProxy */ = {
			isa = PBXContainerItemProxy;
			containerPortal = A473DCAC1CB0295D00F28B92 /* Project object */;
			proxyType = 1;
			remoteGlobalIDString = A473DCB31CB0295D00F28B92;
			remoteInfo = asapGF;
		};
		A473DCD91CB0295D00F28B92 /* PBXContainerItemProxy */ = {
			isa = PBXContainerItemProxy;
			containerPortal = A473DCAC1CB0295D00F28B92 /* Project object */;
			proxyType = 1;
			remoteGlobalIDString = A473DCB31CB0295D00F28B92;
			remoteInfo = asapGF;
		};
/* End PBXContainerItemProxy section */

/* Begin PBXFileReference section */
		7B6543DA1CCD684C00CC112B /* welcomeView_style_1.xib */ = {isa = PBXFileReference; fileEncoding = 4; lastKnownFileType = file.xib; path = welcomeView_style_1.xib; sourceTree = "<group>"; };
		7B7A044A1CD19412002DCEAC /* WelcomeViewController.h */ = {isa = PBXFileReference; fileEncoding = 4; lastKnownFileType = sourcecode.c.h; path = WelcomeViewController.h; sourceTree = "<group>"; };
		7B7A044B1CD19412002DCEAC /* WelcomeViewController.m */ = {isa = PBXFileReference; fileEncoding = 4; lastKnownFileType = sourcecode.c.objc; path = WelcomeViewController.m; sourceTree = "<group>"; };
		7B8299891CE75ADC00CAAC55 /* MenuViewController.h */ = {isa = PBXFileReference; fileEncoding = 4; lastKnownFileType = sourcecode.c.h; name = MenuViewController.h; path = productManager/MenuViewController.h; sourceTree = "<group>"; };
		7B82998A1CE75ADC00CAAC55 /* MenuViewController.m */ = {isa = PBXFileReference; fileEncoding = 4; lastKnownFileType = sourcecode.c.objc; name = MenuViewController.m; path = productManager/MenuViewController.m; sourceTree = "<group>"; };
		7B82998D1CE75D0700CAAC55 /* menu_style_1.xib */ = {isa = PBXFileReference; fileEncoding = 4; lastKnownFileType = file.xib; path = menu_style_1.xib; sourceTree = "<group>"; };
		7B82998F1CE7826400CAAC55 /* about_style_1.xib */ = {isa = PBXFileReference; fileEncoding = 4; lastKnownFileType = file.xib; name = about_style_1.xib; path = settings/view/about_style_1.xib; sourceTree = "<group>"; };
		7B8299911CE7841200CAAC55 /* AboutViewController.h */ = {isa = PBXFileReference; fileEncoding = 4; lastKnownFileType = sourcecode.c.h; name = AboutViewController.h; path = settings/AboutViewController.h; sourceTree = "<group>"; };
		7B8299921CE7841200CAAC55 /* AboutViewController.m */ = {isa = PBXFileReference; fileEncoding = 4; lastKnownFileType = sourcecode.c.objc; name = AboutViewController.m; path = settings/AboutViewController.m; sourceTree = "<group>"; };
		7B8299971CE78E6F00CAAC55 /* privacy_style_1.xib */ = {isa = PBXFileReference; fileEncoding = 4; lastKnownFileType = file.xib; name = privacy_style_1.xib; path = settings/view/privacy_style_1.xib; sourceTree = "<group>"; };
		7B8299991CE78EF000CAAC55 /* PrivacyViewController.h */ = {isa = PBXFileReference; fileEncoding = 4; lastKnownFileType = sourcecode.c.h; name = PrivacyViewController.h; path = settings/PrivacyViewController.h; sourceTree = "<group>"; };
		7B82999A1CE78EF000CAAC55 /* PrivacyViewController.m */ = {isa = PBXFileReference; fileEncoding = 4; lastKnownFileType = sourcecode.c.objc; name = PrivacyViewController.m; path = settings/PrivacyViewController.m; sourceTree = "<group>"; };
		7B82999C1CE7906F00CAAC55 /* faq_style_1.xib */ = {isa = PBXFileReference; fileEncoding = 4; lastKnownFileType = file.xib; name = faq_style_1.xib; path = settings/view/faq_style_1.xib; sourceTree = "<group>"; };
		7B82999E1CE790AF00CAAC55 /* FAQTableViewController.h */ = {isa = PBXFileReference; fileEncoding = 4; lastKnownFileType = sourcecode.c.h; name = FAQTableViewController.h; path = settings/FAQTableViewController.h; sourceTree = "<group>"; };
		7B82999F1CE790AF00CAAC55 /* FAQTableViewController.m */ = {isa = PBXFileReference; fileEncoding = 4; lastKnownFileType = sourcecode.c.objc; name = FAQTableViewController.m; path = settings/FAQTableViewController.m; sourceTree = "<group>"; };
		7B8E448F1CC858ED003B6022 /* ModalSpinnerViewController.h */ = {isa = PBXFileReference; fileEncoding = 4; lastKnownFileType = sourcecode.c.h; path = ModalSpinnerViewController.h; sourceTree = "<group>"; };
		7B8E44901CC858ED003B6022 /* ModalSpinnerViewController.m */ = {isa = PBXFileReference; fileEncoding = 4; lastKnownFileType = sourcecode.c.objc; path = ModalSpinnerViewController.m; sourceTree = "<group>"; };
		7B8E44931CC858ED003B6022 /* Base */ = {isa = PBXFileReference; lastKnownFileType = file.xib; name = Base; path = Base.lproj/BlockerPopupView_Normal_P_Style1.xib; sourceTree = "<group>"; };
		7B8E44951CC858ED003B6022 /* es */ = {isa = PBXFileReference; lastKnownFileType = text.plist.strings; name = es; path = es.lproj/BlockerPopupView_Normal_P_Style1.strings; sourceTree = "<group>"; };
		7BA7286A1CDC103200C2DA48 /* SettingsTableViewController.h */ = {isa = PBXFileReference; fileEncoding = 4; lastKnownFileType = sourcecode.c.h; name = SettingsTableViewController.h; path = settings/SettingsTableViewController.h; sourceTree = "<group>"; };
		7BA7286B1CDC103200C2DA48 /* SettingsTableViewController.m */ = {isa = PBXFileReference; fileEncoding = 4; lastKnownFileType = sourcecode.c.objc; name = SettingsTableViewController.m; path = settings/SettingsTableViewController.m; sourceTree = "<group>"; };
		7BA7286D1CDC104900C2DA48 /* settings_style_1.xib */ = {isa = PBXFileReference; fileEncoding = 4; lastKnownFileType = file.xib; name = settings_style_1.xib; path = settings/view/settings_style_1.xib; sourceTree = "<group>"; };
		7BBAB2F11CD6CB11006FC1A5 /* CoreGraphics.framework */ = {isa = PBXFileReference; lastKnownFileType = wrapper.framework; name = CoreGraphics.framework; path = System/Library/Frameworks/CoreGraphics.framework; sourceTree = SDKROOT; };
		7BBAB2F31CD6CB1F006FC1A5 /* UIKit.framework */ = {isa = PBXFileReference; lastKnownFileType = wrapper.framework; name = UIKit.framework; path = System/Library/Frameworks/UIKit.framework; sourceTree = SDKROOT; };
		7BBAB2F51CD6CB2D006FC1A5 /* Foundation.framework */ = {isa = PBXFileReference; lastKnownFileType = wrapper.framework; name = Foundation.framework; path = System/Library/Frameworks/Foundation.framework; sourceTree = SDKROOT; };
		A4468E6A1CBB159F00E768CF /* newScanView_style_1.xib */ = {isa = PBXFileReference; fileEncoding = 4; lastKnownFileType = file.xib; path = newScanView_style_1.xib; sourceTree = "<group>"; };
		A4468E6C1CBB16BD00E768CF /* NewScanViewController.h */ = {isa = PBXFileReference; fileEncoding = 4; lastKnownFileType = sourcecode.c.h; path = NewScanViewController.h; sourceTree = "<group>"; };
		A4468E6D1CBB16BD00E768CF /* NewScanViewController.m */ = {isa = PBXFileReference; fileEncoding = 4; lastKnownFileType = sourcecode.c.objc; path = NewScanViewController.m; sourceTree = "<group>"; };
		A4468E6F1CBB174C00E768CF /* scannerView_style_1.xib */ = {isa = PBXFileReference; fileEncoding = 4; lastKnownFileType = file.xib; path = scannerView_style_1.xib; sourceTree = "<group>"; };
		A4468E741CBB199A00E768CF /* ScanController.h */ = {isa = PBXFileReference; fileEncoding = 4; lastKnownFileType = sourcecode.c.h; path = ScanController.h; sourceTree = "<group>"; };
		A4468E751CBB199A00E768CF /* ScanController.m */ = {isa = PBXFileReference; fileEncoding = 4; lastKnownFileType = sourcecode.c.objc; path = ScanController.m; sourceTree = "<group>"; };
		A473DCB41CB0295D00F28B92 /* asapGF.app */ = {isa = PBXFileReference; explicitFileType = wrapper.application; includeInIndex = 0; path = asapGF.app; sourceTree = BUILT_PRODUCTS_DIR; };
		A473DCBA1CB0295D00F28B92 /* AppDelegate.h */ = {isa = PBXFileReference; lastKnownFileType = sourcecode.c.h; path = AppDelegate.h; sourceTree = "<group>"; };
		A473DCBB1CB0295D00F28B92 /* AppDelegate.m */ = {isa = PBXFileReference; lastKnownFileType = sourcecode.c.objc; path = AppDelegate.m; sourceTree = "<group>"; };
		A473DCC31CB0295D00F28B92 /* Assets.xcassets */ = {isa = PBXFileReference; lastKnownFileType = folder.assetcatalog; path = Assets.xcassets; sourceTree = "<group>"; };
		A473DCC81CB0295D00F28B92 /* Info.plist */ = {isa = PBXFileReference; lastKnownFileType = text.plist.xml; path = Info.plist; sourceTree = "<group>"; };
		A473DCCD1CB0295D00F28B92 /* asapGFTests.xctest */ = {isa = PBXFileReference; explicitFileType = wrapper.cfbundle; includeInIndex = 0; path = asapGFTests.xctest; sourceTree = BUILT_PRODUCTS_DIR; };
		A473DCD11CB0295D00F28B92 /* asapGFTests.m */ = {isa = PBXFileReference; lastKnownFileType = sourcecode.c.objc; path = asapGFTests.m; sourceTree = "<group>"; };
		A473DCD31CB0295D00F28B92 /* Info.plist */ = {isa = PBXFileReference; lastKnownFileType = text.plist.xml; path = Info.plist; sourceTree = "<group>"; };
		A473DCD81CB0295D00F28B92 /* asapGFUITests.xctest */ = {isa = PBXFileReference; explicitFileType = wrapper.cfbundle; includeInIndex = 0; path = asapGFUITests.xctest; sourceTree = BUILT_PRODUCTS_DIR; };
		A473DCDC1CB0295D00F28B92 /* asapGFUITests.m */ = {isa = PBXFileReference; lastKnownFileType = sourcecode.c.objc; path = asapGFUITests.m; sourceTree = "<group>"; };
		A473DCDE1CB0295D00F28B92 /* Info.plist */ = {isa = PBXFileReference; lastKnownFileType = text.plist.xml; path = Info.plist; sourceTree = "<group>"; };
		A473DCEC1CB02C2E00F28B92 /* loginView_style_1.xib */ = {isa = PBXFileReference; fileEncoding = 4; lastKnownFileType = file.xib; path = loginView_style_1.xib; sourceTree = "<group>"; };
		A473DCEE1CB05F7700F28B92 /* LoginViewController.h */ = {isa = PBXFileReference; fileEncoding = 4; lastKnownFileType = sourcecode.c.h; path = LoginViewController.h; sourceTree = "<group>"; };
		A473DCEF1CB05F7800F28B92 /* LoginViewController.m */ = {isa = PBXFileReference; fileEncoding = 4; lastKnownFileType = sourcecode.c.objc; path = LoginViewController.m; sourceTree = "<group>"; };
		A4D1FEB91CB148E500BC15FF /* main.m */ = {isa = PBXFileReference; fileEncoding = 4; lastKnownFileType = sourcecode.c.objc; path = main.m; sourceTree = "<group>"; };
		A4D1FEBD1CB1584300BC15FF /* AppUser.h */ = {isa = PBXFileReference; fileEncoding = 4; lastKnownFileType = sourcecode.c.h; path = AppUser.h; sourceTree = "<group>"; };
		A4D1FEBE1CB1584300BC15FF /* AppUser.m */ = {isa = PBXFileReference; fileEncoding = 4; lastKnownFileType = sourcecode.c.objc; path = AppUser.m; sourceTree = "<group>"; };
		A4D1FEC21CB160F400BC15FF /* dashboard_style_1.xib */ = {isa = PBXFileReference; fileEncoding = 4; lastKnownFileType = file.xib; path = dashboard_style_1.xib; sourceTree = "<group>"; };
		A4D1FEC41CB1637200BC15FF /* HomeViewController.h */ = {isa = PBXFileReference; fileEncoding = 4; lastKnownFileType = sourcecode.c.h; path = HomeViewController.h; sourceTree = "<group>"; };
		A4D1FEC51CB1637200BC15FF /* HomeViewController.m */ = {isa = PBXFileReference; fileEncoding = 4; lastKnownFileType = sourcecode.c.objc; path = HomeViewController.m; sourceTree = "<group>"; };
		A4D1FEC71CB17D5000BC15FF /* signInView_style_1.xib */ = {isa = PBXFileReference; fileEncoding = 4; lastKnownFileType = file.xib; path = signInView_style_1.xib; sourceTree = "<group>"; };
		A4D1FEC91CB182C000BC15FF /* SignInViewController.h */ = {isa = PBXFileReference; fileEncoding = 4; lastKnownFileType = sourcecode.c.h; path = SignInViewController.h; sourceTree = "<group>"; };
		A4D1FECA1CB182C000BC15FF /* SignInViewController.m */ = {isa = PBXFileReference; fileEncoding = 4; lastKnownFileType = sourcecode.c.objc; path = SignInViewController.m; sourceTree = "<group>"; };
/* End PBXFileReference section */

/* Begin PBXFrameworksBuildPhase section */
		A473DCB11CB0295D00F28B92 /* Frameworks */ = {
			isa = PBXFrameworksBuildPhase;
			buildActionMask = 2147483647;
			files = (
				7BBAB2F61CD6CB2D006FC1A5 /* Foundation.framework in Frameworks */,
				7BBAB2F41CD6CB1F006FC1A5 /* UIKit.framework in Frameworks */,
				7BBAB2F21CD6CB11006FC1A5 /* CoreGraphics.framework in Frameworks */,
			);
			runOnlyForDeploymentPostprocessing = 0;
		};
		A473DCCA1CB0295D00F28B92 /* Frameworks */ = {
			isa = PBXFrameworksBuildPhase;
			buildActionMask = 2147483647;
			files = (
			);
			runOnlyForDeploymentPostprocessing = 0;
		};
		A473DCD51CB0295D00F28B92 /* Frameworks */ = {
			isa = PBXFrameworksBuildPhase;
			buildActionMask = 2147483647;
			files = (
			);
			runOnlyForDeploymentPostprocessing = 0;
		};
/* End PBXFrameworksBuildPhase section */

/* Begin PBXGroup section */
		7B8299881CE75A8B00CAAC55 /* productManager */ = {
			isa = PBXGroup;
			children = (
				7B82998C1CE75CF100CAAC55 /* view */,
				7B8299891CE75ADC00CAAC55 /* MenuViewController.h */,
				7B82998A1CE75ADC00CAAC55 /* MenuViewController.m */,
			);
			name = productManager;
			sourceTree = "<group>";
		};
		7B82998C1CE75CF100CAAC55 /* view */ = {
			isa = PBXGroup;
			children = (
				7B82998D1CE75D0700CAAC55 /* menu_style_1.xib */,
			);
			name = view;
			sourceTree = "<group>";
		};
		7B8E448E1CC858ED003B6022 /* ModalSpinner */ = {
			isa = PBXGroup;
			children = (
				7B8E448F1CC858ED003B6022 /* ModalSpinnerViewController.h */,
				7B8E44901CC858ED003B6022 /* ModalSpinnerViewController.m */,
				7B8E44911CC858ED003B6022 /* view */,
			);
			name = ModalSpinner;
			path = libs/ModalSpinner;
			sourceTree = "<group>";
		};
		7B8E44911CC858ED003B6022 /* view */ = {
			isa = PBXGroup;
			children = (
				7B8E44921CC858ED003B6022 /* BlockerPopupView_Normal_P_Style1.xib */,
				7B8E44941CC858ED003B6022 /* BlockerPopupView_Normal_P_Style1.strings */,
			);
			path = view;
			sourceTree = "<group>";
		};
		7B9B18EB1CDAD720006149CF /* Frameworks */ = {
			isa = PBXGroup;
			children = (
				7BBAB2F51CD6CB2D006FC1A5 /* Foundation.framework */,
				7BBAB2F31CD6CB1F006FC1A5 /* UIKit.framework */,
				7BBAB2F11CD6CB11006FC1A5 /* CoreGraphics.framework */,
			);
			name = Frameworks;
			sourceTree = "<group>";
		};
		7B9B18EC1CDAD727006149CF /* settings */ = {
			isa = PBXGroup;
			children = (
				7B9B18ED1CDAD73B006149CF /* view */,
				7BA7286A1CDC103200C2DA48 /* SettingsTableViewController.h */,
				7BA7286B1CDC103200C2DA48 /* SettingsTableViewController.m */,
				7B8299911CE7841200CAAC55 /* AboutViewController.h */,
				7B8299921CE7841200CAAC55 /* AboutViewController.m */,
				7B8299991CE78EF000CAAC55 /* PrivacyViewController.h */,
				7B82999A1CE78EF000CAAC55 /* PrivacyViewController.m */,
				7B82999E1CE790AF00CAAC55 /* FAQTableViewController.h */,
				7B82999F1CE790AF00CAAC55 /* FAQTableViewController.m */,
			);
			name = settings;
			sourceTree = "<group>";
		};
		7B9B18ED1CDAD73B006149CF /* view */ = {
			isa = PBXGroup;
			children = (
				7BA7286D1CDC104900C2DA48 /* settings_style_1.xib */,
				7B82998F1CE7826400CAAC55 /* about_style_1.xib */,
				7B8299971CE78E6F00CAAC55 /* privacy_style_1.xib */,
				7B82999C1CE7906F00CAAC55 /* faq_style_1.xib */,
			);
			name = view;
			sourceTree = "<group>";
		};
		A4468E671CBB155500E768CF /* search */ = {
			isa = PBXGroup;
			children = (
				A4468E741CBB199A00E768CF /* ScanController.h */,
				A4468E751CBB199A00E768CF /* ScanController.m */,
				A4468E681CBB155500E768CF /* model */,
				A4468E691CBB155500E768CF /* view */,
				A4468E6C1CBB16BD00E768CF /* NewScanViewController.h */,
				A4468E6D1CBB16BD00E768CF /* NewScanViewController.m */,
			);
			path = search;
			sourceTree = "<group>";
		};
		A4468E681CBB155500E768CF /* model */ = {
			isa = PBXGroup;
			children = (
			);
			path = model;
			sourceTree = "<group>";
		};
		A4468E691CBB155500E768CF /* view */ = {
			isa = PBXGroup;
			children = (
				A4468E6A1CBB159F00E768CF /* newScanView_style_1.xib */,
				A4468E6F1CBB174C00E768CF /* scannerView_style_1.xib */,
			);
			path = view;
			sourceTree = "<group>";
		};
		A473DCAB1CB0295D00F28B92 = {
			isa = PBXGroup;
			children = (
				7B9B18EB1CDAD720006149CF /* Frameworks */,
				A473DCB61CB0295D00F28B92 /* asapGF */,
				A473DCD01CB0295D00F28B92 /* asapGFTests */,
				A473DCDB1CB0295D00F28B92 /* asapGFUITests */,
				A473DCB51CB0295D00F28B92 /* Products */,
			);
			sourceTree = "<group>";
		};
		A473DCB51CB0295D00F28B92 /* Products */ = {
			isa = PBXGroup;
			children = (
				A473DCB41CB0295D00F28B92 /* asapGF.app */,
				A473DCCD1CB0295D00F28B92 /* asapGFTests.xctest */,
				A473DCD81CB0295D00F28B92 /* asapGFUITests.xctest */,
			);
			name = Products;
			sourceTree = "<group>";
		};
		A473DCB61CB0295D00F28B92 /* asapGF */ = {
			isa = PBXGroup;
			children = (
				7B8299881CE75A8B00CAAC55 /* productManager */,
				7B9B18EC1CDAD727006149CF /* settings */,
				7B8E448E1CC858ED003B6022 /* ModalSpinner */,
				A4468E671CBB155500E768CF /* search */,
				A473DCBA1CB0295D00F28B92 /* AppDelegate.h */,
				A473DCBB1CB0295D00F28B92 /* AppDelegate.m */,
				A4D1FEBD1CB1584300BC15FF /* AppUser.h */,
				A4D1FEBE1CB1584300BC15FF /* AppUser.m */,
				A473DCC31CB0295D00F28B92 /* Assets.xcassets */,
				A4D1FEC01CB160D800BC15FF /* home */,
				A473DCC81CB0295D00F28B92 /* Info.plist */,
				A473DCEA1CB02BEA00F28B92 /* login */,
				A473DCB71CB0295D00F28B92 /* Supporting Files */,
			);
			path = asapGF;
			sourceTree = "<group>";
		};
		A473DCB71CB0295D00F28B92 /* Supporting Files */ = {
			isa = PBXGroup;
			children = (
				A4D1FEB91CB148E500BC15FF /* main.m */,
			);
			name = "Supporting Files";
			sourceTree = "<group>";
		};
		A473DCD01CB0295D00F28B92 /* asapGFTests */ = {
			isa = PBXGroup;
			children = (
				A473DCD11CB0295D00F28B92 /* asapGFTests.m */,
				A473DCD31CB0295D00F28B92 /* Info.plist */,
			);
			path = asapGFTests;
			sourceTree = "<group>";
		};
		A473DCDB1CB0295D00F28B92 /* asapGFUITests */ = {
			isa = PBXGroup;
			children = (
				A473DCDC1CB0295D00F28B92 /* asapGFUITests.m */,
				A473DCDE1CB0295D00F28B92 /* Info.plist */,
			);
			path = asapGFUITests;
			sourceTree = "<group>";
		};
		A473DCEA1CB02BEA00F28B92 /* login */ = {
			isa = PBXGroup;
			children = (
				A473DCEE1CB05F7700F28B92 /* LoginViewController.h */,
				A473DCEF1CB05F7800F28B92 /* LoginViewController.m */,
				A4D1FEC91CB182C000BC15FF /* SignInViewController.h */,
				A4D1FECA1CB182C000BC15FF /* SignInViewController.m */,
				A473DCEB1CB02BFB00F28B92 /* view */,
				7B7A044A1CD19412002DCEAC /* WelcomeViewController.h */,
				7B7A044B1CD19412002DCEAC /* WelcomeViewController.m */,
			);
			path = login;
			sourceTree = "<group>";
		};
		A473DCEB1CB02BFB00F28B92 /* view */ = {
			isa = PBXGroup;
			children = (
				A473DCEC1CB02C2E00F28B92 /* loginView_style_1.xib */,
				A4D1FEC71CB17D5000BC15FF /* signInView_style_1.xib */,
				7B6543DA1CCD684C00CC112B /* welcomeView_style_1.xib */,
			);
			path = view;
			sourceTree = "<group>";
		};
		A4D1FEC01CB160D800BC15FF /* home */ = {
			isa = PBXGroup;
			children = (
				A4D1FEC11CB160D800BC15FF /* view */,
				A4D1FEC41CB1637200BC15FF /* HomeViewController.h */,
				A4D1FEC51CB1637200BC15FF /* HomeViewController.m */,
			);
			path = home;
			sourceTree = "<group>";
		};
		A4D1FEC11CB160D800BC15FF /* view */ = {
			isa = PBXGroup;
			children = (
				A4D1FEC21CB160F400BC15FF /* dashboard_style_1.xib */,
			);
			path = view;
			sourceTree = "<group>";
		};
/* End PBXGroup section */

/* Begin PBXNativeTarget section */
		A473DCB31CB0295D00F28B92 /* asapGF */ = {
			isa = PBXNativeTarget;
			buildConfigurationList = A473DCE11CB0295D00F28B92 /* Build configuration list for PBXNativeTarget "asapGF" */;
			buildPhases = (
				A473DCB01CB0295D00F28B92 /* Sources */,
				A473DCB11CB0295D00F28B92 /* Frameworks */,
				A473DCB21CB0295D00F28B92 /* Resources */,
			);
			buildRules = (
			);
			dependencies = (
			);
			name = asapGF;
			productName = asapGF;
			productReference = A473DCB41CB0295D00F28B92 /* asapGF.app */;
			productType = "com.apple.product-type.application";
		};
		A473DCCC1CB0295D00F28B92 /* asapGFTests */ = {
			isa = PBXNativeTarget;
			buildConfigurationList = A473DCE41CB0295D00F28B92 /* Build configuration list for PBXNativeTarget "asapGFTests" */;
			buildPhases = (
				A473DCC91CB0295D00F28B92 /* Sources */,
				A473DCCA1CB0295D00F28B92 /* Frameworks */,
				A473DCCB1CB0295D00F28B92 /* Resources */,
			);
			buildRules = (
			);
			dependencies = (
				A473DCCF1CB0295D00F28B92 /* PBXTargetDependency */,
			);
			name = asapGFTests;
			productName = asapGFTests;
			productReference = A473DCCD1CB0295D00F28B92 /* asapGFTests.xctest */;
			productType = "com.apple.product-type.bundle.unit-test";
		};
		A473DCD71CB0295D00F28B92 /* asapGFUITests */ = {
			isa = PBXNativeTarget;
			buildConfigurationList = A473DCE71CB0295D00F28B92 /* Build configuration list for PBXNativeTarget "asapGFUITests" */;
			buildPhases = (
				A473DCD41CB0295D00F28B92 /* Sources */,
				A473DCD51CB0295D00F28B92 /* Frameworks */,
				A473DCD61CB0295D00F28B92 /* Resources */,
			);
			buildRules = (
			);
			dependencies = (
				A473DCDA1CB0295D00F28B92 /* PBXTargetDependency */,
			);
			name = asapGFUITests;
			productName = asapGFUITests;
			productReference = A473DCD81CB0295D00F28B92 /* asapGFUITests.xctest */;
			productType = "com.apple.product-type.bundle.ui-testing";
		};
/* End PBXNativeTarget section */

/* Begin PBXProject section */
		A473DCAC1CB0295D00F28B92 /* Project object */ = {
			isa = PBXProject;
			attributes = {
				LastUpgradeCheck = 0720;
				ORGANIZATIONNAME = "Rodrigo Esquivel";
				TargetAttributes = {
					A473DCB31CB0295D00F28B92 = {
						CreatedOnToolsVersion = 7.2.1;
						DevelopmentTeam = P94C5C9D6H;
					};
					A473DCCC1CB0295D00F28B92 = {
						CreatedOnToolsVersion = 7.2.1;
						TestTargetID = A473DCB31CB0295D00F28B92;
					};
					A473DCD71CB0295D00F28B92 = {
						CreatedOnToolsVersion = 7.2.1;
						TestTargetID = A473DCB31CB0295D00F28B92;
					};
				};
			};
			buildConfigurationList = A473DCAF1CB0295D00F28B92 /* Build configuration list for PBXProject "asapGF" */;
			compatibilityVersion = "Xcode 3.2";
			developmentRegion = English;
			hasScannedForEncodings = 0;
			knownRegions = (
				en,
				Base,
				es,
			);
			mainGroup = A473DCAB1CB0295D00F28B92;
			productRefGroup = A473DCB51CB0295D00F28B92 /* Products */;
			projectDirPath = "";
			projectRoot = "";
			targets = (
				A473DCB31CB0295D00F28B92 /* asapGF */,
				A473DCCC1CB0295D00F28B92 /* asapGFTests */,
				A473DCD71CB0295D00F28B92 /* asapGFUITests */,
			);
		};
/* End PBXProject section */

/* Begin PBXResourcesBuildPhase section */
		A473DCB21CB0295D00F28B92 /* Resources */ = {
			isa = PBXResourcesBuildPhase;
			buildActionMask = 2147483647;
			files = (
				7B82999D1CE7906F00CAAC55 /* faq_style_1.xib in Resources */,
				7B8E44971CC858ED003B6022 /* BlockerPopupView_Normal_P_Style1.xib in Resources */,
				7B8E44981CC858ED003B6022 /* BlockerPopupView_Normal_P_Style1.strings in Resources */,
				A4D1FEC31CB160F400BC15FF /* dashboard_style_1.xib in Resources */,
				A4468E6B1CBB159F00E768CF /* newScanView_style_1.xib in Resources */,
				A4D1FEBC1CB1493200BC15FF /* loginView_style_1.xib in Resources */,
				7B82998E1CE75D0700CAAC55 /* menu_style_1.xib in Resources */,
				A4D1FEC81CB17D5000BC15FF /* signInView_style_1.xib in Resources */,
				7BA7286E1CDC104900C2DA48 /* settings_style_1.xib in Resources */,
				7B6543DB1CCD684C00CC112B /* welcomeView_style_1.xib in Resources */,
				7B8299901CE7826400CAAC55 /* about_style_1.xib in Resources */,
				A473DCC41CB0295D00F28B92 /* Assets.xcassets in Resources */,
				A4468E701CBB174C00E768CF /* scannerView_style_1.xib in Resources */,
				7B8299981CE78E6F00CAAC55 /* privacy_style_1.xib in Resources */,
			);
			runOnlyForDeploymentPostprocessing = 0;
		};
		A473DCCB1CB0295D00F28B92 /* Resources */ = {
			isa = PBXResourcesBuildPhase;
			buildActionMask = 2147483647;
			files = (
			);
			runOnlyForDeploymentPostprocessing = 0;
		};
		A473DCD61CB0295D00F28B92 /* Resources */ = {
			isa = PBXResourcesBuildPhase;
			buildActionMask = 2147483647;
			files = (
			);
			runOnlyForDeploymentPostprocessing = 0;
		};
/* End PBXResourcesBuildPhase section */

/* Begin PBXSourcesBuildPhase section */
		A473DCB01CB0295D00F28B92 /* Sources */ = {
			isa = PBXSourcesBuildPhase;
			buildActionMask = 2147483647;
			files = (
				7BA7286C1CDC103200C2DA48 /* SettingsTableViewController.m in Sources */,
				7B8E44961CC858ED003B6022 /* ModalSpinnerViewController.m in Sources */,
				A4468E6E1CBB16BD00E768CF /* NewScanViewController.m in Sources */,
				A4D1FEBF1CB1584300BC15FF /* AppUser.m in Sources */,
				7B82998B1CE75ADC00CAAC55 /* MenuViewController.m in Sources */,
				7B82999B1CE78EF000CAAC55 /* PrivacyViewController.m in Sources */,
				A473DCBC1CB0295D00F28B92 /* AppDelegate.m in Sources */,
				A4D1FEBA1CB148E500BC15FF /* main.m in Sources */,
				7B7A044C1CD19412002DCEAC /* WelcomeViewController.m in Sources */,
				A4468E761CBB199A00E768CF /* ScanController.m in Sources */,
				A4D1FEC61CB1637200BC15FF /* HomeViewController.m in Sources */,
				A4D1FECB1CB182C000BC15FF /* SignInViewController.m in Sources */,
				7B8299931CE7841200CAAC55 /* AboutViewController.m in Sources */,
				7B8299A01CE790AF00CAAC55 /* FAQTableViewController.m in Sources */,
				A473DCF01CB05F7800F28B92 /* LoginViewController.m in Sources */,
			);
			runOnlyForDeploymentPostprocessing = 0;
		};
		A473DCC91CB0295D00F28B92 /* Sources */ = {
			isa = PBXSourcesBuildPhase;
			buildActionMask = 2147483647;
			files = (
				A473DCD21CB0295D00F28B92 /* asapGFTests.m in Sources */,
			);
			runOnlyForDeploymentPostprocessing = 0;
		};
		A473DCD41CB0295D00F28B92 /* Sources */ = {
			isa = PBXSourcesBuildPhase;
			buildActionMask = 2147483647;
			files = (
				A473DCDD1CB0295D00F28B92 /* asapGFUITests.m in Sources */,
			);
			runOnlyForDeploymentPostprocessing = 0;
		};
/* End PBXSourcesBuildPhase section */

/* Begin PBXTargetDependency section */
		A473DCCF1CB0295D00F28B92 /* PBXTargetDependency */ = {
			isa = PBXTargetDependency;
			target = A473DCB31CB0295D00F28B92 /* asapGF */;
			targetProxy = A473DCCE1CB0295D00F28B92 /* PBXContainerItemProxy */;
		};
		A473DCDA1CB0295D00F28B92 /* PBXTargetDependency */ = {
			isa = PBXTargetDependency;
			target = A473DCB31CB0295D00F28B92 /* asapGF */;
			targetProxy = A473DCD91CB0295D00F28B92 /* PBXContainerItemProxy */;
		};
/* End PBXTargetDependency section */

/* Begin PBXVariantGroup section */
		7B8E44921CC858ED003B6022 /* BlockerPopupView_Normal_P_Style1.xib */ = {
			isa = PBXVariantGroup;
			children = (
				7B8E44931CC858ED003B6022 /* Base */,
			);
			name = BlockerPopupView_Normal_P_Style1.xib;
			sourceTree = "<group>";
		};
		7B8E44941CC858ED003B6022 /* BlockerPopupView_Normal_P_Style1.strings */ = {
			isa = PBXVariantGroup;
			children = (
				7B8E44951CC858ED003B6022 /* es */,
			);
			name = BlockerPopupView_Normal_P_Style1.strings;
			sourceTree = "<group>";
		};
/* End PBXVariantGroup section */

/* Begin XCBuildConfiguration section */
		A473DCDF1CB0295D00F28B92 /* Debug */ = {
			isa = XCBuildConfiguration;
			buildSettings = {
				ALWAYS_SEARCH_USER_PATHS = NO;
				CLANG_CXX_LANGUAGE_STANDARD = "gnu++0x";
				CLANG_CXX_LIBRARY = "libc++";
				CLANG_ENABLE_MODULES = YES;
				CLANG_ENABLE_OBJC_ARC = YES;
				CLANG_WARN_BOOL_CONVERSION = YES;
				CLANG_WARN_CONSTANT_CONVERSION = YES;
				CLANG_WARN_DIRECT_OBJC_ISA_USAGE = YES_ERROR;
				CLANG_WARN_EMPTY_BODY = YES;
				CLANG_WARN_ENUM_CONVERSION = YES;
				CLANG_WARN_INT_CONVERSION = YES;
				CLANG_WARN_OBJC_ROOT_CLASS = YES_ERROR;
				CLANG_WARN_UNREACHABLE_CODE = YES;
				CLANG_WARN__DUPLICATE_METHOD_MATCH = YES;
				CODE_SIGN_IDENTITY = "iPhone Developer";
				"CODE_SIGN_IDENTITY[sdk=iphoneos*]" = "iPhone Developer";
				COPY_PHASE_STRIP = NO;
				DEBUG_INFORMATION_FORMAT = dwarf;
				ENABLE_STRICT_OBJC_MSGSEND = YES;
				ENABLE_TESTABILITY = YES;
				GCC_C_LANGUAGE_STANDARD = gnu99;
				GCC_DYNAMIC_NO_PIC = NO;
				GCC_NO_COMMON_BLOCKS = YES;
				GCC_OPTIMIZATION_LEVEL = 0;
				GCC_PREPROCESSOR_DEFINITIONS = (
					"DEBUG=1",
					"$(inherited)",
				);
				GCC_WARN_64_TO_32_BIT_CONVERSION = YES;
				GCC_WARN_ABOUT_RETURN_TYPE = YES_ERROR;
				GCC_WARN_UNDECLARED_SELECTOR = YES;
				GCC_WARN_UNINITIALIZED_AUTOS = YES_AGGRESSIVE;
				GCC_WARN_UNUSED_FUNCTION = YES;
				GCC_WARN_UNUSED_VARIABLE = YES;
				IPHONEOS_DEPLOYMENT_TARGET = 9.2;
				MTL_ENABLE_DEBUG_INFO = YES;
				ONLY_ACTIVE_ARCH = YES;
				PROVISIONING_PROFILE = "57b6ec4b-7b6e-4e19-a03c-e681874f6ad5";
				SDKROOT = iphoneos;
			};
			name = Debug;
		};
		A473DCE01CB0295D00F28B92 /* Release */ = {
			isa = XCBuildConfiguration;
			buildSettings = {
				ALWAYS_SEARCH_USER_PATHS = NO;
				CLANG_CXX_LANGUAGE_STANDARD = "gnu++0x";
				CLANG_CXX_LIBRARY = "libc++";
				CLANG_ENABLE_MODULES = YES;
				CLANG_ENABLE_OBJC_ARC = YES;
				CLANG_WARN_BOOL_CONVERSION = YES;
				CLANG_WARN_CONSTANT_CONVERSION = YES;
				CLANG_WARN_DIRECT_OBJC_ISA_USAGE = YES_ERROR;
				CLANG_WARN_EMPTY_BODY = YES;
				CLANG_WARN_ENUM_CONVERSION = YES;
				CLANG_WARN_INT_CONVERSION = YES;
				CLANG_WARN_OBJC_ROOT_CLASS = YES_ERROR;
				CLANG_WARN_UNREACHABLE_CODE = YES;
				CLANG_WARN__DUPLICATE_METHOD_MATCH = YES;
				CODE_SIGN_IDENTITY = "iPhone Developer";
				"CODE_SIGN_IDENTITY[sdk=iphoneos*]" = "iPhone Developer";
				COPY_PHASE_STRIP = NO;
				DEBUG_INFORMATION_FORMAT = "dwarf-with-dsym";
				ENABLE_NS_ASSERTIONS = NO;
				ENABLE_STRICT_OBJC_MSGSEND = YES;
				GCC_C_LANGUAGE_STANDARD = gnu99;
				GCC_NO_COMMON_BLOCKS = YES;
				GCC_WARN_64_TO_32_BIT_CONVERSION = YES;
				GCC_WARN_ABOUT_RETURN_TYPE = YES_ERROR;
				GCC_WARN_UNDECLARED_SELECTOR = YES;
				GCC_WARN_UNINITIALIZED_AUTOS = YES_AGGRESSIVE;
				GCC_WARN_UNUSED_FUNCTION = YES;
				GCC_WARN_UNUSED_VARIABLE = YES;
				IPHONEOS_DEPLOYMENT_TARGET = 9.2;
				MTL_ENABLE_DEBUG_INFO = NO;
				PROVISIONING_PROFILE = "57b6ec4b-7b6e-4e19-a03c-e681874f6ad5";
				SDKROOT = iphoneos;
				VALIDATE_PRODUCT = YES;
			};
			name = Release;
		};
		A473DCE21CB0295D00F28B92 /* Debug */ = {
			isa = XCBuildConfiguration;
			buildSettings = {
				ASSETCATALOG_COMPILER_APPICON_NAME = AppIcon;
				CODE_SIGN_IDENTITY = "iPhone Developer";
				"CODE_SIGN_IDENTITY[sdk=iphoneos*]" = "iPhone Developer";
				INFOPLIST_FILE = asapGF/Info.plist;
				IPHONEOS_DEPLOYMENT_TARGET = 7.1;
				LD_RUNPATH_SEARCH_PATHS = "$(inherited) @executable_path/Frameworks";
				PRODUCT_BUNDLE_IDENTIFIER = com.rodev.asapGF;
				PRODUCT_NAME = "$(TARGET_NAME)";
				PROVISIONING_PROFILE = "";
			};
			name = Debug;
		};
		A473DCE31CB0295D00F28B92 /* Release */ = {
			isa = XCBuildConfiguration;
			buildSettings = {
				ASSETCATALOG_COMPILER_APPICON_NAME = AppIcon;
				CODE_SIGN_IDENTITY = "iPhone Developer";
				"CODE_SIGN_IDENTITY[sdk=iphoneos*]" = "iPhone Developer";
				INFOPLIST_FILE = asapGF/Info.plist;
				IPHONEOS_DEPLOYMENT_TARGET = 7.1;
				LD_RUNPATH_SEARCH_PATHS = "$(inherited) @executable_path/Frameworks";
				PRODUCT_BUNDLE_IDENTIFIER = com.rodev.asapGF;
				PRODUCT_NAME = "$(TARGET_NAME)";
				PROVISIONING_PROFILE = "";
			};
			name = Release;
		};
		A473DCE51CB0295D00F28B92 /* Debug */ = {
			isa = XCBuildConfiguration;
			buildSettings = {
				BUNDLE_LOADER = "$(TEST_HOST)";
				INFOPLIST_FILE = asapGFTests/Info.plist;
				LD_RUNPATH_SEARCH_PATHS = "$(inherited) @executable_path/Frameworks @loader_path/Frameworks";
				PRODUCT_BUNDLE_IDENTIFIER = com.rodev.asapGFTests;
				PRODUCT_NAME = "$(TARGET_NAME)";
				TEST_HOST = "$(BUILT_PRODUCTS_DIR)/asapGF.app/asapGF";
			};
			name = Debug;
		};
		A473DCE61CB0295D00F28B92 /* Release */ = {
			isa = XCBuildConfiguration;
			buildSettings = {
				BUNDLE_LOADER = "$(TEST_HOST)";
				INFOPLIST_FILE = asapGFTests/Info.plist;
				LD_RUNPATH_SEARCH_PATHS = "$(inherited) @executable_path/Frameworks @loader_path/Frameworks";
				PRODUCT_BUNDLE_IDENTIFIER = com.rodev.asapGFTests;
				PRODUCT_NAME = "$(TARGET_NAME)";
				TEST_HOST = "$(BUILT_PRODUCTS_DIR)/asapGF.app/asapGF";
			};
			name = Release;
		};
		A473DCE81CB0295D00F28B92 /* Debug */ = {
			isa = XCBuildConfiguration;
			buildSettings = {
				INFOPLIST_FILE = asapGFUITests/Info.plist;
				LD_RUNPATH_SEARCH_PATHS = "$(inherited) @executable_path/Frameworks @loader_path/Frameworks";
				PRODUCT_BUNDLE_IDENTIFIER = com.rodev.asapGFUITests;
				PRODUCT_NAME = "$(TARGET_NAME)";
				TEST_TARGET_NAME = asapGF;
				USES_XCTRUNNER = YES;
			};
			name = Debug;
		};
		A473DCE91CB0295D00F28B92 /* Release */ = {
			isa = XCBuildConfiguration;
			buildSettings = {
				INFOPLIST_FILE = asapGFUITests/Info.plist;
				LD_RUNPATH_SEARCH_PATHS = "$(inherited) @executable_path/Frameworks @loader_path/Frameworks";
				PRODUCT_BUNDLE_IDENTIFIER = com.rodev.asapGFUITests;
				PRODUCT_NAME = "$(TARGET_NAME)";
				TEST_TARGET_NAME = asapGF;
				USES_XCTRUNNER = YES;
			};
			name = Release;
		};
/* End XCBuildConfiguration section */

/* Begin XCConfigurationList section */
		A473DCAF1CB0295D00F28B92 /* Build configuration list for PBXProject "asapGF" */ = {
			isa = XCConfigurationList;
			buildConfigurations = (
				A473DCDF1CB0295D00F28B92 /* Debug */,
				A473DCE01CB0295D00F28B92 /* Release */,
			);
			defaultConfigurationIsVisible = 0;
			defaultConfigurationName = Release;
		};
		A473DCE11CB0295D00F28B92 /* Build configuration list for PBXNativeTarget "asapGF" */ = {
			isa = XCConfigurationList;
			buildConfigurations = (
				A473DCE21CB0295D00F28B92 /* Debug */,
				A473DCE31CB0295D00F28B92 /* Release */,
			);
			defaultConfigurationIsVisible = 0;
			defaultConfigurationName = Release;
		};
		A473DCE41CB0295D00F28B92 /* Build configuration list for PBXNativeTarget "asapGFTests" */ = {
			isa = XCConfigurationList;
			buildConfigurations = (
				A473DCE51CB0295D00F28B92 /* Debug */,
				A473DCE61CB0295D00F28B92 /* Release */,
			);
			defaultConfigurationIsVisible = 0;
			defaultConfigurationName = Release;
		};
		A473DCE71CB0295D00F28B92 /* Build configuration list for PBXNativeTarget "asapGFUITests" */ = {
			isa = XCConfigurationList;
			buildConfigurations = (
				A473DCE81CB0295D00F28B92 /* Debug */,
				A473DCE91CB0295D00F28B92 /* Release */,
			);
			defaultConfigurationIsVisible = 0;
			defaultConfigurationName = Release;
		};
/* End XCConfigurationList section */
	};
	rootObject = A473DCAC1CB0295D00F28B92 /* Project object */;
}
