// !$*UTF8*$!
{
	archiveVersion = 1;
	classes = {
	};
	objectVersion = 46;
	objects = {

/* Begin PBXBuildFile section */
		A41BB9051CA5E42F000849DA /* main.m in Sources */ = {isa = PBXBuildFile; fileRef = A41BB9041CA5E42F000849DA /* main.m */; };
		A41BB9081CA5E42F000849DA /* AppDelegate.m in Sources */ = {isa = PBXBuildFile; fileRef = A41BB9071CA5E42F000849DA /* AppDelegate.m */; };
		A41BB90B1CA5E42F000849DA /* ViewController.m in Sources */ = {isa = PBXBuildFile; fileRef = A41BB90A1CA5E42F000849DA /* ViewController.m */; };
		A41BB90E1CA5E42F000849DA /* Main.storyboard in Resources */ = {isa = PBXBuildFile; fileRef = A41BB90C1CA5E42F000849DA /* Main.storyboard */; };
		A41BB9101CA5E42F000849DA /* Assets.xcassets in Resources */ = {isa = PBXBuildFile; fileRef = A41BB90F1CA5E42F000849DA /* Assets.xcassets */; };
		A41BB9131CA5E42F000849DA /* LaunchScreen.storyboard in Resources */ = {isa = PBXBuildFile; fileRef = A41BB9111CA5E42F000849DA /* LaunchScreen.storyboard */; };
		A41BB91E1CA5E42F000849DA /* asapGFTests.m in Sources */ = {isa = PBXBuildFile; fileRef = A41BB91D1CA5E42F000849DA /* asapGFTests.m */; };
		A41BB9291CA5E42F000849DA /* asapGFUITests.m in Sources */ = {isa = PBXBuildFile; fileRef = A41BB9281CA5E42F000849DA /* asapGFUITests.m */; };
/* End PBXBuildFile section */

/* Begin PBXContainerItemProxy section */
		A41BB91A1CA5E42F000849DA /* PBXContainerItemProxy */ = {
			isa = PBXContainerItemProxy;
			containerPortal = A41BB8F81CA5E42F000849DA /* Project object */;
			proxyType = 1;
			remoteGlobalIDString = A41BB8FF1CA5E42F000849DA;
			remoteInfo = asapGF;
		};
		A41BB9251CA5E42F000849DA /* PBXContainerItemProxy */ = {
			isa = PBXContainerItemProxy;
			containerPortal = A41BB8F81CA5E42F000849DA /* Project object */;
			proxyType = 1;
			remoteGlobalIDString = A41BB8FF1CA5E42F000849DA;
			remoteInfo = asapGF;
		};
/* End PBXContainerItemProxy section */

/* Begin PBXFileReference section */
		A41BB9001CA5E42F000849DA /* asapGF.app */ = {isa = PBXFileReference; explicitFileType = wrapper.application; includeInIndex = 0; path = asapGF.app; sourceTree = BUILT_PRODUCTS_DIR; };
		A41BB9041CA5E42F000849DA /* main.m */ = {isa = PBXFileReference; lastKnownFileType = sourcecode.c.objc; path = main.m; sourceTree = "<group>"; };
		A41BB9061CA5E42F000849DA /* AppDelegate.h */ = {isa = PBXFileReference; lastKnownFileType = sourcecode.c.h; path = AppDelegate.h; sourceTree = "<group>"; };
		A41BB9071CA5E42F000849DA /* AppDelegate.m */ = {isa = PBXFileReference; lastKnownFileType = sourcecode.c.objc; path = AppDelegate.m; sourceTree = "<group>"; };
		A41BB9091CA5E42F000849DA /* ViewController.h */ = {isa = PBXFileReference; lastKnownFileType = sourcecode.c.h; path = ViewController.h; sourceTree = "<group>"; };
		A41BB90A1CA5E42F000849DA /* ViewController.m */ = {isa = PBXFileReference; lastKnownFileType = sourcecode.c.objc; path = ViewController.m; sourceTree = "<group>"; };
		A41BB90D1CA5E42F000849DA /* Base */ = {isa = PBXFileReference; lastKnownFileType = file.storyboard; name = Base; path = Base.lproj/Main.storyboard; sourceTree = "<group>"; };
		A41BB90F1CA5E42F000849DA /* Assets.xcassets */ = {isa = PBXFileReference; lastKnownFileType = folder.assetcatalog; path = Assets.xcassets; sourceTree = "<group>"; };
		A41BB9121CA5E42F000849DA /* Base */ = {isa = PBXFileReference; lastKnownFileType = file.storyboard; name = Base; path = Base.lproj/LaunchScreen.storyboard; sourceTree = "<group>"; };
		A41BB9141CA5E42F000849DA /* Info.plist */ = {isa = PBXFileReference; lastKnownFileType = text.plist.xml; path = Info.plist; sourceTree = "<group>"; };
		A41BB9191CA5E42F000849DA /* asapGFTests.xctest */ = {isa = PBXFileReference; explicitFileType = wrapper.cfbundle; includeInIndex = 0; path = asapGFTests.xctest; sourceTree = BUILT_PRODUCTS_DIR; };
		A41BB91D1CA5E42F000849DA /* asapGFTests.m */ = {isa = PBXFileReference; lastKnownFileType = sourcecode.c.objc; path = asapGFTests.m; sourceTree = "<group>"; };
		A41BB91F1CA5E42F000849DA /* Info.plist */ = {isa = PBXFileReference; lastKnownFileType = text.plist.xml; path = Info.plist; sourceTree = "<group>"; };
		A41BB9241CA5E42F000849DA /* asapGFUITests.xctest */ = {isa = PBXFileReference; explicitFileType = wrapper.cfbundle; includeInIndex = 0; path = asapGFUITests.xctest; sourceTree = BUILT_PRODUCTS_DIR; };
		A41BB9281CA5E42F000849DA /* asapGFUITests.m */ = {isa = PBXFileReference; lastKnownFileType = sourcecode.c.objc; path = asapGFUITests.m; sourceTree = "<group>"; };
		A41BB92A1CA5E42F000849DA /* Info.plist */ = {isa = PBXFileReference; lastKnownFileType = text.plist.xml; path = Info.plist; sourceTree = "<group>"; };
/* End PBXFileReference section */

/* Begin PBXFrameworksBuildPhase section */
		A41BB8FD1CA5E42F000849DA /* Frameworks */ = {
			isa = PBXFrameworksBuildPhase;
			buildActionMask = 2147483647;
			files = (
			);
			runOnlyForDeploymentPostprocessing = 0;
		};
		A41BB9161CA5E42F000849DA /* Frameworks */ = {
			isa = PBXFrameworksBuildPhase;
			buildActionMask = 2147483647;
			files = (
			);
			runOnlyForDeploymentPostprocessing = 0;
		};
		A41BB9211CA5E42F000849DA /* Frameworks */ = {
			isa = PBXFrameworksBuildPhase;
			buildActionMask = 2147483647;
			files = (
			);
			runOnlyForDeploymentPostprocessing = 0;
		};
/* End PBXFrameworksBuildPhase section */

/* Begin PBXGroup section */
		A41BB8F71CA5E42F000849DA = {
			isa = PBXGroup;
			children = (
				A41BB9021CA5E42F000849DA /* asapGF */,
				A41BB91C1CA5E42F000849DA /* asapGFTests */,
				A41BB9271CA5E42F000849DA /* asapGFUITests */,
				A41BB9011CA5E42F000849DA /* Products */,
			);
			sourceTree = "<group>";
		};
		A41BB9011CA5E42F000849DA /* Products */ = {
			isa = PBXGroup;
			children = (
				A41BB9001CA5E42F000849DA /* asapGF.app */,
				A41BB9191CA5E42F000849DA /* asapGFTests.xctest */,
				A41BB9241CA5E42F000849DA /* asapGFUITests.xctest */,
			);
			name = Products;
			sourceTree = "<group>";
		};
		A41BB9021CA5E42F000849DA /* asapGF */ = {
			isa = PBXGroup;
			children = (
				A41BB9061CA5E42F000849DA /* AppDelegate.h */,
				A41BB9071CA5E42F000849DA /* AppDelegate.m */,
				A41BB9091CA5E42F000849DA /* ViewController.h */,
				A41BB90A1CA5E42F000849DA /* ViewController.m */,
				A41BB90C1CA5E42F000849DA /* Main.storyboard */,
				A41BB90F1CA5E42F000849DA /* Assets.xcassets */,
				A41BB9111CA5E42F000849DA /* LaunchScreen.storyboard */,
				A41BB9141CA5E42F000849DA /* Info.plist */,
				A41BB9031CA5E42F000849DA /* Supporting Files */,
			);
			path = asapGF;
			sourceTree = "<group>";
		};
		A41BB9031CA5E42F000849DA /* Supporting Files */ = {
			isa = PBXGroup;
			children = (
				A41BB9041CA5E42F000849DA /* main.m */,
			);
			name = "Supporting Files";
			sourceTree = "<group>";
		};
		A41BB91C1CA5E42F000849DA /* asapGFTests */ = {
			isa = PBXGroup;
			children = (
				A41BB91D1CA5E42F000849DA /* asapGFTests.m */,
				A41BB91F1CA5E42F000849DA /* Info.plist */,
			);
			path = asapGFTests;
			sourceTree = "<group>";
		};
		A41BB9271CA5E42F000849DA /* asapGFUITests */ = {
			isa = PBXGroup;
			children = (
				A41BB9281CA5E42F000849DA /* asapGFUITests.m */,
				A41BB92A1CA5E42F000849DA /* Info.plist */,
			);
			path = asapGFUITests;
			sourceTree = "<group>";
		};
/* End PBXGroup section */

/* Begin PBXNativeTarget section */
		A41BB8FF1CA5E42F000849DA /* asapGF */ = {
			isa = PBXNativeTarget;
			buildConfigurationList = A41BB92D1CA5E42F000849DA /* Build configuration list for PBXNativeTarget "asapGF" */;
			buildPhases = (
				A41BB8FC1CA5E42F000849DA /* Sources */,
				A41BB8FD1CA5E42F000849DA /* Frameworks */,
				A41BB8FE1CA5E42F000849DA /* Resources */,
			);
			buildRules = (
			);
			dependencies = (
			);
			name = asapGF;
			productName = asapGF;
			productReference = A41BB9001CA5E42F000849DA /* asapGF.app */;
			productType = "com.apple.product-type.application";
		};
		A41BB9181CA5E42F000849DA /* asapGFTests */ = {
			isa = PBXNativeTarget;
			buildConfigurationList = A41BB9301CA5E42F000849DA /* Build configuration list for PBXNativeTarget "asapGFTests" */;
			buildPhases = (
				A41BB9151CA5E42F000849DA /* Sources */,
				A41BB9161CA5E42F000849DA /* Frameworks */,
				A41BB9171CA5E42F000849DA /* Resources */,
			);
			buildRules = (
			);
			dependencies = (
				A41BB91B1CA5E42F000849DA /* PBXTargetDependency */,
			);
			name = asapGFTests;
			productName = asapGFTests;
			productReference = A41BB9191CA5E42F000849DA /* asapGFTests.xctest */;
			productType = "com.apple.product-type.bundle.unit-test";
		};
		A41BB9231CA5E42F000849DA /* asapGFUITests */ = {
			isa = PBXNativeTarget;
			buildConfigurationList = A41BB9331CA5E42F000849DA /* Build configuration list for PBXNativeTarget "asapGFUITests" */;
			buildPhases = (
				A41BB9201CA5E42F000849DA /* Sources */,
				A41BB9211CA5E42F000849DA /* Frameworks */,
				A41BB9221CA5E42F000849DA /* Resources */,
			);
			buildRules = (
			);
			dependencies = (
				A41BB9261CA5E42F000849DA /* PBXTargetDependency */,
			);
			name = asapGFUITests;
			productName = asapGFUITests;
			productReference = A41BB9241CA5E42F000849DA /* asapGFUITests.xctest */;
			productType = "com.apple.product-type.bundle.ui-testing";
		};
/* End PBXNativeTarget section */

/* Begin PBXProject section */
		A41BB8F81CA5E42F000849DA /* Project object */ = {
			isa = PBXProject;
			attributes = {
				LastUpgradeCheck = 0720;
				ORGANIZATIONNAME = "Rodrigo Esquivel";
				TargetAttributes = {
					A41BB8FF1CA5E42F000849DA = {
						CreatedOnToolsVersion = 7.2.1;
					};
					A41BB9181CA5E42F000849DA = {
						CreatedOnToolsVersion = 7.2.1;
						TestTargetID = A41BB8FF1CA5E42F000849DA;
					};
					A41BB9231CA5E42F000849DA = {
						CreatedOnToolsVersion = 7.2.1;
						TestTargetID = A41BB8FF1CA5E42F000849DA;
					};
				};
			};
			buildConfigurationList = A41BB8FB1CA5E42F000849DA /* Build configuration list for PBXProject "asapGF" */;
			compatibilityVersion = "Xcode 3.2";
			developmentRegion = English;
			hasScannedForEncodings = 0;
			knownRegions = (
				en,
				Base,
			);
			mainGroup = A41BB8F71CA5E42F000849DA;
			productRefGroup = A41BB9011CA5E42F000849DA /* Products */;
			projectDirPath = "";
			projectRoot = "";
			targets = (
				A41BB8FF1CA5E42F000849DA /* asapGF */,
				A41BB9181CA5E42F000849DA /* asapGFTests */,
				A41BB9231CA5E42F000849DA /* asapGFUITests */,
			);
		};
/* End PBXProject section */

/* Begin PBXResourcesBuildPhase section */
		A41BB8FE1CA5E42F000849DA /* Resources */ = {
			isa = PBXResourcesBuildPhase;
			buildActionMask = 2147483647;
			files = (
				A41BB9131CA5E42F000849DA /* LaunchScreen.storyboard in Resources */,
				A41BB9101CA5E42F000849DA /* Assets.xcassets in Resources */,
				A41BB90E1CA5E42F000849DA /* Main.storyboard in Resources */,
			);
			runOnlyForDeploymentPostprocessing = 0;
		};
		A41BB9171CA5E42F000849DA /* Resources */ = {
			isa = PBXResourcesBuildPhase;
			buildActionMask = 2147483647;
			files = (
			);
			runOnlyForDeploymentPostprocessing = 0;
		};
		A41BB9221CA5E42F000849DA /* Resources */ = {
			isa = PBXResourcesBuildPhase;
			buildActionMask = 2147483647;
			files = (
			);
			runOnlyForDeploymentPostprocessing = 0;
		};
/* End PBXResourcesBuildPhase section */

/* Begin PBXSourcesBuildPhase section */
		A41BB8FC1CA5E42F000849DA /* Sources */ = {
			isa = PBXSourcesBuildPhase;
			buildActionMask = 2147483647;
			files = (
				A41BB90B1CA5E42F000849DA /* ViewController.m in Sources */,
				A41BB9081CA5E42F000849DA /* AppDelegate.m in Sources */,
				A41BB9051CA5E42F000849DA /* main.m in Sources */,
			);
			runOnlyForDeploymentPostprocessing = 0;
		};
		A41BB9151CA5E42F000849DA /* Sources */ = {
			isa = PBXSourcesBuildPhase;
			buildActionMask = 2147483647;
			files = (
				A41BB91E1CA5E42F000849DA /* asapGFTests.m in Sources */,
			);
			runOnlyForDeploymentPostprocessing = 0;
		};
		A41BB9201CA5E42F000849DA /* Sources */ = {
			isa = PBXSourcesBuildPhase;
			buildActionMask = 2147483647;
			files = (
				A41BB9291CA5E42F000849DA /* asapGFUITests.m in Sources */,
			);
			runOnlyForDeploymentPostprocessing = 0;
		};
/* End PBXSourcesBuildPhase section */

/* Begin PBXTargetDependency section */
		A41BB91B1CA5E42F000849DA /* PBXTargetDependency */ = {
			isa = PBXTargetDependency;
			target = A41BB8FF1CA5E42F000849DA /* asapGF */;
			targetProxy = A41BB91A1CA5E42F000849DA /* PBXContainerItemProxy */;
		};
		A41BB9261CA5E42F000849DA /* PBXTargetDependency */ = {
			isa = PBXTargetDependency;
			target = A41BB8FF1CA5E42F000849DA /* asapGF */;
			targetProxy = A41BB9251CA5E42F000849DA /* PBXContainerItemProxy */;
		};
/* End PBXTargetDependency section */

/* Begin PBXVariantGroup section */
		A41BB90C1CA5E42F000849DA /* Main.storyboard */ = {
			isa = PBXVariantGroup;
			children = (
				A41BB90D1CA5E42F000849DA /* Base */,
			);
			name = Main.storyboard;
			sourceTree = "<group>";
		};
		A41BB9111CA5E42F000849DA /* LaunchScreen.storyboard */ = {
			isa = PBXVariantGroup;
			children = (
				A41BB9121CA5E42F000849DA /* Base */,
			);
			name = LaunchScreen.storyboard;
			sourceTree = "<group>";
		};
/* End PBXVariantGroup section */

/* Begin XCBuildConfiguration section */
		A41BB92B1CA5E42F000849DA /* Debug */ = {
			isa = XCBuildConfiguration;
			buildSettings = {
				ALWAYS_SEARCH_USER_PATHS = NO;
				CLANG_CXX_LANGUAGE_STANDARD = "gnu++0x";
				CLANG_CXX_LIBRARY = "libc++";
				CLANG_ENABLE_MODULES = YES;
				CLANG_ENABLE_OBJC_ARC = YES;
				CLANG_WARN_BOOL_CONVERSION = YES;
				CLANG_WARN_CONSTANT_CONVERSION = YES;
				CLANG_WARN_DIRECT_OBJC_ISA_USAGE = YES_ERROR;
				CLANG_WARN_EMPTY_BODY = YES;
				CLANG_WARN_ENUM_CONVERSION = YES;
				CLANG_WARN_INT_CONVERSION = YES;
				CLANG_WARN_OBJC_ROOT_CLASS = YES_ERROR;
				CLANG_WARN_UNREACHABLE_CODE = YES;
				CLANG_WARN__DUPLICATE_METHOD_MATCH = YES;
				"CODE_SIGN_IDENTITY[sdk=iphoneos*]" = "iPhone Developer";
				COPY_PHASE_STRIP = NO;
				DEBUG_INFORMATION_FORMAT = dwarf;
				ENABLE_STRICT_OBJC_MSGSEND = YES;
				ENABLE_TESTABILITY = YES;
				GCC_C_LANGUAGE_STANDARD = gnu99;
				GCC_DYNAMIC_NO_PIC = NO;
				GCC_NO_COMMON_BLOCKS = YES;
				GCC_OPTIMIZATION_LEVEL = 0;
				GCC_PREPROCESSOR_DEFINITIONS = (
					"DEBUG=1",
					"$(inherited)",
				);
				GCC_WARN_64_TO_32_BIT_CONVERSION = YES;
				GCC_WARN_ABOUT_RETURN_TYPE = YES_ERROR;
				GCC_WARN_UNDECLARED_SELECTOR = YES;
				GCC_WARN_UNINITIALIZED_AUTOS = YES_AGGRESSIVE;
				GCC_WARN_UNUSED_FUNCTION = YES;
				GCC_WARN_UNUSED_VARIABLE = YES;
				IPHONEOS_DEPLOYMENT_TARGET = 9.2;
				MTL_ENABLE_DEBUG_INFO = YES;
				ONLY_ACTIVE_ARCH = YES;
				SDKROOT = iphoneos;
			};
			name = Debug;
		};
		A41BB92C1CA5E42F000849DA /* Release */ = {
			isa = XCBuildConfiguration;
			buildSettings = {
				ALWAYS_SEARCH_USER_PATHS = NO;
				CLANG_CXX_LANGUAGE_STANDARD = "gnu++0x";
				CLANG_CXX_LIBRARY = "libc++";
				CLANG_ENABLE_MODULES = YES;
				CLANG_ENABLE_OBJC_ARC = YES;
				CLANG_WARN_BOOL_CONVERSION = YES;
				CLANG_WARN_CONSTANT_CONVERSION = YES;
				CLANG_WARN_DIRECT_OBJC_ISA_USAGE = YES_ERROR;
				CLANG_WARN_EMPTY_BODY = YES;
				CLANG_WARN_ENUM_CONVERSION = YES;
				CLANG_WARN_INT_CONVERSION = YES;
				CLANG_WARN_OBJC_ROOT_CLASS = YES_ERROR;
				CLANG_WARN_UNREACHABLE_CODE = YES;
				CLANG_WARN__DUPLICATE_METHOD_MATCH = YES;
				"CODE_SIGN_IDENTITY[sdk=iphoneos*]" = "iPhone Developer";
				COPY_PHASE_STRIP = NO;
				DEBUG_INFORMATION_FORMAT = "dwarf-with-dsym";
				ENABLE_NS_ASSERTIONS = NO;
				ENABLE_STRICT_OBJC_MSGSEND = YES;
				GCC_C_LANGUAGE_STANDARD = gnu99;
				GCC_NO_COMMON_BLOCKS = YES;
				GCC_WARN_64_TO_32_BIT_CONVERSION = YES;
				GCC_WARN_ABOUT_RETURN_TYPE = YES_ERROR;
				GCC_WARN_UNDECLARED_SELECTOR = YES;
				GCC_WARN_UNINITIALIZED_AUTOS = YES_AGGRESSIVE;
				GCC_WARN_UNUSED_FUNCTION = YES;
				GCC_WARN_UNUSED_VARIABLE = YES;
				IPHONEOS_DEPLOYMENT_TARGET = 9.2;
				MTL_ENABLE_DEBUG_INFO = NO;
				SDKROOT = iphoneos;
				VALIDATE_PRODUCT = YES;
			};
			name = Release;
		};
		A41BB92E1CA5E42F000849DA /* Debug */ = {
			isa = XCBuildConfiguration;
			buildSettings = {
				ASSETCATALOG_COMPILER_APPICON_NAME = AppIcon;
				INFOPLIST_FILE = asapGF/Info.plist;
				LD_RUNPATH_SEARCH_PATHS = "$(inherited) @executable_path/Frameworks";
				PRODUCT_BUNDLE_IDENTIFIER = com.rodesq.asapGF;
				PRODUCT_NAME = "$(TARGET_NAME)";
			};
			name = Debug;
		};
		A41BB92F1CA5E42F000849DA /* Release */ = {
			isa = XCBuildConfiguration;
			buildSettings = {
				ASSETCATALOG_COMPILER_APPICON_NAME = AppIcon;
				INFOPLIST_FILE = asapGF/Info.plist;
				LD_RUNPATH_SEARCH_PATHS = "$(inherited) @executable_path/Frameworks";
				PRODUCT_BUNDLE_IDENTIFIER = com.rodesq.asapGF;
				PRODUCT_NAME = "$(TARGET_NAME)";
			};
			name = Release;
		};
		A41BB9311CA5E42F000849DA /* Debug */ = {
			isa = XCBuildConfiguration;
			buildSettings = {
				BUNDLE_LOADER = "$(TEST_HOST)";
				INFOPLIST_FILE = asapGFTests/Info.plist;
				LD_RUNPATH_SEARCH_PATHS = "$(inherited) @executable_path/Frameworks @loader_path/Frameworks";
				PRODUCT_BUNDLE_IDENTIFIER = com.rodesq.asapGFTests;
				PRODUCT_NAME = "$(TARGET_NAME)";
				TEST_HOST = "$(BUILT_PRODUCTS_DIR)/asapGF.app/asapGF";
			};
			name = Debug;
		};
		A41BB9321CA5E42F000849DA /* Release */ = {
			isa = XCBuildConfiguration;
			buildSettings = {
				BUNDLE_LOADER = "$(TEST_HOST)";
				INFOPLIST_FILE = asapGFTests/Info.plist;
				LD_RUNPATH_SEARCH_PATHS = "$(inherited) @executable_path/Frameworks @loader_path/Frameworks";
				PRODUCT_BUNDLE_IDENTIFIER = com.rodesq.asapGFTests;
				PRODUCT_NAME = "$(TARGET_NAME)";
				TEST_HOST = "$(BUILT_PRODUCTS_DIR)/asapGF.app/asapGF";
			};
			name = Release;
		};
		A41BB9341CA5E42F000849DA /* Debug */ = {
			isa = XCBuildConfiguration;
			buildSettings = {
				INFOPLIST_FILE = asapGFUITests/Info.plist;
				LD_RUNPATH_SEARCH_PATHS = "$(inherited) @executable_path/Frameworks @loader_path/Frameworks";
				PRODUCT_BUNDLE_IDENTIFIER = com.rodesq.asapGFUITests;
				PRODUCT_NAME = "$(TARGET_NAME)";
				TEST_TARGET_NAME = asapGF;
				USES_XCTRUNNER = YES;
			};
			name = Debug;
		};
		A41BB9351CA5E42F000849DA /* Release */ = {
			isa = XCBuildConfiguration;
			buildSettings = {
				INFOPLIST_FILE = asapGFUITests/Info.plist;
				LD_RUNPATH_SEARCH_PATHS = "$(inherited) @executable_path/Frameworks @loader_path/Frameworks";
				PRODUCT_BUNDLE_IDENTIFIER = com.rodesq.asapGFUITests;
				PRODUCT_NAME = "$(TARGET_NAME)";
				TEST_TARGET_NAME = asapGF;
				USES_XCTRUNNER = YES;
			};
			name = Release;
		};
/* End XCBuildConfiguration section */

/* Begin XCConfigurationList section */
		A41BB8FB1CA5E42F000849DA /* Build configuration list for PBXProject "asapGF" */ = {
			isa = XCConfigurationList;
			buildConfigurations = (
				A41BB92B1CA5E42F000849DA /* Debug */,
				A41BB92C1CA5E42F000849DA /* Release */,
			);
			defaultConfigurationIsVisible = 0;
			defaultConfigurationName = Release;
		};
		A41BB92D1CA5E42F000849DA /* Build configuration list for PBXNativeTarget "asapGF" */ = {
			isa = XCConfigurationList;
			buildConfigurations = (
				A41BB92E1CA5E42F000849DA /* Debug */,
				A41BB92F1CA5E42F000849DA /* Release */,
			);
			defaultConfigurationIsVisible = 0;
		};
		A41BB9301CA5E42F000849DA /* Build configuration list for PBXNativeTarget "asapGFTests" */ = {
			isa = XCConfigurationList;
			buildConfigurations = (
				A41BB9311CA5E42F000849DA /* Debug */,
				A41BB9321CA5E42F000849DA /* Release */,
			);
			defaultConfigurationIsVisible = 0;
		};
		A41BB9331CA5E42F000849DA /* Build configuration list for PBXNativeTarget "asapGFUITests" */ = {
			isa = XCConfigurationList;
			buildConfigurations = (
				A41BB9341CA5E42F000849DA /* Debug */,
				A41BB9351CA5E42F000849DA /* Release */,
			);
			defaultConfigurationIsVisible = 0;
		};
/* End XCConfigurationList section */
	};
	rootObject = A41BB8F81CA5E42F000849DA /* Project object */;
}
